{
  "object": {
    "pins": [
      {
        "package": "SwiftFFmpeg",
        "repositoryURL": "https://github.com/FengWuFei/SwiftFFmpeg.git",
        "state": {
          "branch": "master",
          "revision": "c77e574c649b4854fa7ddaefc2be38db8510af83",
          "version": null
        }
      }
    ]
  },
  "version": 1
}
