{
  "object": {
    "pins": [
      {
        "package": "SwiftFFmpeg",
        "repositoryURL": "https://github.com/FengWuFei/SwiftFFmpeg.git",
        "state": {
          "branch": "master",
          "revision": "27953ff60c4b78a62a889e2d2a1fde8f0edd72fc",
          "version": null
        }
      }
    ]
  },
  "version": 1
}
